
Microsoft Visual Studio Solution File, Format Version 12.00
# Visual Studio Version 16
VisualStudioVersion = 16.0.30011.22
MinimumVisualStudioVersion = 10.0.40219.1
Project("{FAE04EC0-301F-11D3-BF4B-00C04F79EFBC}") = "stickme", "stickme.csproj", "{D26DF1F9-7452-4E27-B21A-F1D85C35093B}"
EndProject
Global
	GlobalSection(SolutionConfigurationPlatforms) = preSolution
		Debug|Any CPU = Debug|Any CPU
		Release|Any CPU = Release|Any CPU
	EndGlobalSection
	GlobalSection(ProjectConfigurationPlatforms) = postSolution
		{D26DF1F9-7452-4E27-B21A-F1D85C35093B}.Debug|Any CPU.ActiveCfg = Debug|Any CPU
		{D26DF1F9-7452-4E27-B21A-F1D85C35093B}.Debug|Any CPU.Build.0 = Debug|Any CPU
		{D26DF1F9-7452-4E27-B21A-F1D85C35093B}.Release|Any CPU.ActiveCfg = Release|Any CPU
		{D26DF1F9-7452-4E27-B21A-F1D85C35093B}.Release|Any CPU.Build.0 = Release|Any CPU
	EndGlobalSection
	GlobalSection(SolutionProperties) = preSolution
		HideSolutionNode = FALSE
	EndGlobalSection
	GlobalSection(ExtensibilityGlobals) = postSolution
		SolutionGuid = {97EB18EE-9423-4481-A71F-F5FC681E5038}
	EndGlobalSection
EndGlobal
